
Microsoft Visual Studio Solution File, Format Version 12.00
# Visual Studio Version 16
VisualStudioVersion = 16.0.31624.102
MinimumVisualStudioVersion = 10.0.40219.1
Project("{FAE04EC0-301F-11D3-BF4B-00C04F79EFBC}") = "HelloRazor", "HelloRazor\HelloRazor.csproj", "{3689EAA6-80F5-4C80-BD14-3DD870809357}"
EndProject
Global
	GlobalSection(SolutionConfigurationPlatforms) = preSolution
		Debug|Any CPU = Debug|Any CPU
		Release|Any CPU = Release|Any CPU
	EndGlobalSection
	GlobalSection(ProjectConfigurationPlatforms) = postSolution
		{3689EAA6-80F5-4C80-BD14-3DD870809357}.Debug|Any CPU.ActiveCfg = Debug|Any CPU
		{3689EAA6-80F5-4C80-BD14-3DD870809357}.Debug|Any CPU.Build.0 = Debug|Any CPU
		{3689EAA6-80F5-4C80-BD14-3DD870809357}.Release|Any CPU.ActiveCfg = Release|Any CPU
		{3689EAA6-80F5-4C80-BD14-3DD870809357}.Release|Any CPU.Build.0 = Release|Any CPU
	EndGlobalSection
	GlobalSection(SolutionProperties) = preSolution
		HideSolutionNode = FALSE
	EndGlobalSection
	GlobalSection(ExtensibilityGlobals) = postSolution
		SolutionGuid = {D9A75792-86DC-48A5-AFB1-BFF9D655F564}
	EndGlobalSection
EndGlobal
